
Microsoft Visual Studio Solution File, Format Version 12.00
# Visual Studio Version 16
VisualStudioVersion = 16.0.30611.23
MinimumVisualStudioVersion = 10.0.40219.1
Project("{FAE04EC0-301F-11D3-BF4B-00C04F79EFBC}") = "DSO138-Capture", "DSO138-Capture.csproj", "{832DF93E-2535-4EEF-AC06-5414CEB32E0A}"
EndProject
Global
	GlobalSection(SolutionConfigurationPlatforms) = preSolution
		Debug|ARM = Debug|ARM
		Debug|ARM64 = Debug|ARM64
		Debug|x64 = Debug|x64
		Debug|x86 = Debug|x86
		Release|ARM = Release|ARM
		Release|ARM64 = Release|ARM64
		Release|x64 = Release|x64
		Release|x86 = Release|x86
	EndGlobalSection
	GlobalSection(ProjectConfigurationPlatforms) = postSolution
		{832DF93E-2535-4EEF-AC06-5414CEB32E0A}.Debug|ARM.ActiveCfg = Debug|ARM
		{832DF93E-2535-4EEF-AC06-5414CEB32E0A}.Debug|ARM.Build.0 = Debug|ARM
		{832DF93E-2535-4EEF-AC06-5414CEB32E0A}.Debug|ARM64.ActiveCfg = Debug|ARM64
		{832DF93E-2535-4EEF-AC06-5414CEB32E0A}.Debug|ARM64.Build.0 = Debug|ARM64
		{832DF93E-2535-4EEF-AC06-5414CEB32E0A}.Debug|x64.ActiveCfg = Debug|x64
		{832DF93E-2535-4EEF-AC06-5414CEB32E0A}.Debug|x64.Build.0 = Debug|x64
		{832DF93E-2535-4EEF-AC06-5414CEB32E0A}.Debug|x64.Deploy.0 = Debug|x64
		{832DF93E-2535-4EEF-AC06-5414CEB32E0A}.Debug|x86.ActiveCfg = Debug|x86
		{832DF93E-2535-4EEF-AC06-5414CEB32E0A}.Debug|x86.Build.0 = Debug|x86
		{832DF93E-2535-4EEF-AC06-5414CEB32E0A}.Release|ARM.ActiveCfg = Release|ARM
		{832DF93E-2535-4EEF-AC06-5414CEB32E0A}.Release|ARM.Build.0 = Release|ARM
		{832DF93E-2535-4EEF-AC06-5414CEB32E0A}.Release|ARM.Deploy.0 = Release|ARM
		{832DF93E-2535-4EEF-AC06-5414CEB32E0A}.Release|ARM64.ActiveCfg = Release|ARM64
		{832DF93E-2535-4EEF-AC06-5414CEB32E0A}.Release|ARM64.Build.0 = Release|ARM64
		{832DF93E-2535-4EEF-AC06-5414CEB32E0A}.Release|ARM64.Deploy.0 = Release|ARM64
		{832DF93E-2535-4EEF-AC06-5414CEB32E0A}.Release|x64.ActiveCfg = Release|x64
		{832DF93E-2535-4EEF-AC06-5414CEB32E0A}.Release|x64.Build.0 = Release|x64
		{832DF93E-2535-4EEF-AC06-5414CEB32E0A}.Release|x64.Deploy.0 = Release|x64
		{832DF93E-2535-4EEF-AC06-5414CEB32E0A}.Release|x86.ActiveCfg = Release|x86
		{832DF93E-2535-4EEF-AC06-5414CEB32E0A}.Release|x86.Build.0 = Release|x86
		{832DF93E-2535-4EEF-AC06-5414CEB32E0A}.Release|x86.Deploy.0 = Release|x86
	EndGlobalSection
	GlobalSection(SolutionProperties) = preSolution
		HideSolutionNode = FALSE
	EndGlobalSection
	GlobalSection(ExtensibilityGlobals) = postSolution
		SolutionGuid = {E72A2BDA-1887-4D97-9495-30D17A7107AD}
	EndGlobalSection
EndGlobal
